<?xml version="1.0" encoding="UTF-8" standalone="yes" ?>
<CodeBlocks_project_file>
	<FileVersion major="1" minor="6" />
	<Project>
		<Option title="Lix" />
		<Option execution_dir=".." />
		<Option pch_mode="2" />
		<Option compiler="gcc" />
		<Option show_notes="0">
			<notes>
				<![CDATA[// debugging fuer allgemeine Hinweise

Absturz bei Shift+Esc aus Spielraum, nicht Lobby

--------- In Arbeit:

Hatches gehen zu und machen dabei Krach. Hatches gehen derzeit zu weit auf (lila) und das Zumach-Frame wird noch nicht gesetzt. Hatches sollten sehr wahrscheinlich Bestandteil des aktuellen Standes sein!

Editor markiert Dinge nicht nach dem angezeigten/maximalen Frame.

------------- Irgendwann spaeter:

Man untersuche, ob statt #ifdef _WIN32 #include <winalleg.h> auch das hier geht:
#define BITMAP AL_BITMAP
#define RGB AL_RGB
#include <allegro.h>
#undef BITMAP
#undef RGB
]]>
			</notes>
		</Option>
		<Build>
			<Target title="Debug">
				<Option platforms="Windows;" />
				<Option output="../bin/lix_debug.exe" prefix_auto="0" extension_auto="0" />
				<Option working_dir="../" />
				<Option object_output="../obj/Debug" />
				<Option type="1" />
				<Option compiler="gcc" />
				<Option use_console_runner="0" />
				<Compiler>
					<Add option="-g" />
				</Compiler>
			</Target>
			<Target title="Debug (Fenstermodus)">
				<Option platforms="Windows;" />
				<Option output="../bin/lix_debug.exe" prefix_auto="0" extension_auto="0" />
				<Option working_dir="../" />
				<Option object_output="../obj/Debug" />
				<Option type="1" />
				<Option compiler="gcc" />
				<Option use_console_runner="0" />
				<Option parameters="-w" />
				<Compiler>
					<Add option="-g" />
				</Compiler>
			</Target>
			<Target title="Release">
				<Option platforms="Windows;" />
				<Option output="../bin/lix.exe" prefix_auto="0" extension_auto="0" />
				<Option working_dir="../" />
				<Option object_output="../obj/" />
				<Option type="1" />
				<Option compiler="gcc" />
				<Option use_console_runner="0" />
				<Compiler>
					<Add option="-O3" />
				</Compiler>
				<Linker>
					<Add option="-s" />
				</Linker>
			</Target>
			<Target title="Release (Linux)">
				<Option platforms="Unix;" />
				<Option output="../bin/lix" prefix_auto="0" extension_auto="0" />
				<Option working_dir="../" />
				<Option object_output="../obj/" />
				<Option type="1" />
				<Option compiler="gcc" />
				<Option use_console_runner="0" />
				<Option projectLinkerOptionsRelation="1" />
				<Compiler>
					<Add option="-O3" />
					<Add option="-Wall" />
					<Add option="-ansi" />
				</Compiler>
				<Linker>
					<Add option="-s" />
					<Add option="`allegro-config --libs`" />
					<Add option="-lenet" />
					<Add option="-lpng -lz" />
				</Linker>
			</Target>
			<Target title="Debug (Linux)">
				<Option platforms="Unix;" />
				<Option output="../bin/lix" prefix_auto="0" extension_auto="0" />
				<Option working_dir="../" />
				<Option object_output="../obj/Debug/" />
				<Option type="1" />
				<Option compiler="gcc" />
				<Option use_console_runner="0" />
				<Option parameters="-w" />
				<Option projectLinkerOptionsRelation="1" />
				<Compiler>
					<Add option="-O3" />
					<Add option="-Wall" />
					<Add option="-ansi" />
					<Add option="-g" />
				</Compiler>
				<Linker>
					<Add option="`allegro-config --libs`" />
					<Add option="-lenet" />
					<Add option="-lpng -lz" />
				</Linker>
			</Target>
			<Target title="TestNetwork">
				<Option platforms="Windows;" />
				<Option output="../bin/networktest.exe" prefix_auto="0" extension_auto="0" />
				<Option working_dir="../" />
				<Option object_output="../obj/" />
				<Option type="1" />
				<Option compiler="gcc" />
				<Option use_console_runner="0" />
				<Option projectCompilerOptionsRelation="1" />
				<Option projectLinkerOptionsRelation="1" />
				<Option projectIncludeDirsRelation="1" />
				<Compiler>
					<Add option="-O3" />
					<Add option="-Wall" />
					<Add option="-ansi" />
					<Add option="-W" />
					<Add option="-D__NO_INLINE__" />
				</Compiler>
				<Linker>
					<Add option="-s" />
					<Add option="-lalleg44" />
					<Add option="-lenet" />
					<Add option="-lpng -lz" />
					<Add option="-lwinmm" />
					<Add option="-lPocoNet" />
					<Add option="-lPocoUtil" />
					<Add option="-lPocoFoundation" />
					<Add option="-liphlpapi" />
					<Add option="-lws2_32" />
				</Linker>
			</Target>
		</Build>
		<Compiler>
			<Add option="-Wall" />
			<Add option="-ansi" />
			<Add option="-W" />
			<Add option="-D__NO_INLINE__" />
		</Compiler>
		<Linker>
			<Add option="-lalleg44" />
			<Add option="-mwindows" />
			<Add option="-lenet" />
			<Add option="-lpng -lz" />
			<Add option="-lws2_32" />
			<Add option="-lwinmm" />
		</Linker>
		<Unit filename="api/brow_sav.cpp">
			<Option target="Debug" />
			<Option target="Debug (Fenstermodus)" />
			<Option target="Release" />
			<Option target="Release (Linux)" />
			<Option target="Debug (Linux)" />
		</Unit>
		<Unit filename="api/brow_sav.h">
			<Option target="Debug" />
			<Option target="Debug (Fenstermodus)" />
			<Option target="Release" />
			<Option target="Release (Linux)" />
			<Option target="Debug (Linux)" />
		</Unit>
		<Unit filename="api/button/b_bitmap.cpp">
			<Option target="Debug" />
			<Option target="Debug (Fenstermodus)" />
			<Option target="Release" />
			<Option target="Release (Linux)" />
			<Option target="Debug (Linux)" />
		</Unit>
		<Unit filename="api/button/b_bitmap.h">
			<Option target="Debug" />
			<Option target="Debug (Fenstermodus)" />
			<Option target="Release" />
			<Option target="Release (Linux)" />
			<Option target="Debug (Linux)" />
		</Unit>
		<Unit filename="api/button/b_combin.cpp">
			<Option target="Debug" />
			<Option target="Debug (Fenstermodus)" />
			<Option target="Release" />
			<Option target="Release (Linux)" />
			<Option target="Debug (Linux)" />
		</Unit>
		<Unit filename="api/button/b_combin.h">
			<Option target="Debug" />
			<Option target="Debug (Fenstermodus)" />
			<Option target="Release" />
			<Option target="Release (Linux)" />
			<Option target="Debug (Linux)" />
		</Unit>
		<Unit filename="api/button/b_enum.cpp">
			<Option target="Debug" />
			<Option target="Debug (Fenstermodus)" />
			<Option target="Release" />
			<Option target="Release (Linux)" />
			<Option target="Debug (Linux)" />
		</Unit>
		<Unit filename="api/button/b_enum.h">
			<Option target="Debug" />
			<Option target="Debug (Fenstermodus)" />
			<Option target="Release" />
			<Option target="Release (Linux)" />
			<Option target="Debug (Linux)" />
		</Unit>
		<Unit filename="api/button/b_key.cpp">
			<Option target="Debug" />
			<Option target="Debug (Fenstermodus)" />
			<Option target="Release" />
			<Option target="Release (Linux)" />
			<Option target="Debug (Linux)" />
		</Unit>
		<Unit filename="api/button/b_key.h">
			<Option target="Debug" />
			<Option target="Debug (Fenstermodus)" />
			<Option target="Release" />
			<Option target="Release (Linux)" />
			<Option target="Debug (Linux)" />
		</Unit>
		<Unit filename="api/button/b_skill.cpp">
			<Option target="Debug" />
			<Option target="Debug (Fenstermodus)" />
			<Option target="Release" />
			<Option target="Release (Linux)" />
			<Option target="Debug (Linux)" />
		</Unit>
		<Unit filename="api/button/b_skill.h">
			<Option target="Debug" />
			<Option target="Debug (Fenstermodus)" />
			<Option target="Release" />
			<Option target="Release (Linux)" />
			<Option target="Debug (Linux)" />
		</Unit>
		<Unit filename="api/button/b_spawn.cpp">
			<Option target="Debug" />
			<Option target="Debug (Fenstermodus)" />
			<Option target="Release" />
			<Option target="Release (Linux)" />
			<Option target="Debug (Linux)" />
		</Unit>
		<Unit filename="api/button/b_spawn.h">
			<Option target="Debug" />
			<Option target="Debug (Fenstermodus)" />
			<Option target="Release" />
			<Option target="Release (Linux)" />
			<Option target="Debug (Linux)" />
		</Unit>
		<Unit filename="api/button/b_text.cpp">
			<Option target="Debug" />
			<Option target="Debug (Fenstermodus)" />
			<Option target="Release" />
			<Option target="Release (Linux)" />
			<Option target="Debug (Linux)" />
		</Unit>
		<Unit filename="api/button/b_text.h">
			<Option target="Debug" />
			<Option target="Debug (Fenstermodus)" />
			<Option target="Release" />
			<Option target="Release (Linux)" />
			<Option target="Debug (Linux)" />
		</Unit>
		<Unit filename="api/button/button.cpp">
			<Option target="Debug" />
			<Option target="Debug (Fenstermodus)" />
			<Option target="Release" />
			<Option target="Release (Linux)" />
			<Option target="Debug (Linux)" />
		</Unit>
		<Unit filename="api/button/button.h">
			<Option target="Debug" />
			<Option target="Debug (Fenstermodus)" />
			<Option target="Release" />
			<Option target="Release (Linux)" />
			<Option target="Debug (Linux)" />
		</Unit>
		<Unit filename="api/element.cpp">
			<Option target="Debug" />
			<Option target="Debug (Fenstermodus)" />
			<Option target="Release" />
			<Option target="Release (Linux)" />
			<Option target="Debug (Linux)" />
		</Unit>
		<Unit filename="api/element.h">
			<Option target="Debug" />
			<Option target="Debug (Fenstermodus)" />
			<Option target="Release" />
			<Option target="Release (Linux)" />
			<Option target="Debug (Linux)" />
		</Unit>
		<Unit filename="api/frame.cpp">
			<Option target="Debug" />
			<Option target="Debug (Fenstermodus)" />
			<Option target="Release" />
			<Option target="Release (Linux)" />
			<Option target="Debug (Linux)" />
		</Unit>
		<Unit filename="api/frame.h">
			<Option target="Debug" />
			<Option target="Debug (Fenstermodus)" />
			<Option target="Release" />
			<Option target="Release (Linux)" />
			<Option target="Debug (Linux)" />
		</Unit>
		<Unit filename="api/label.cpp">
			<Option target="Debug" />
			<Option target="Debug (Fenstermodus)" />
			<Option target="Release" />
			<Option target="Release (Linux)" />
			<Option target="Debug (Linux)" />
		</Unit>
		<Unit filename="api/label.h">
			<Option target="Debug" />
			<Option target="Debug (Fenstermodus)" />
			<Option target="Release" />
			<Option target="Release (Linux)" />
			<Option target="Debug (Linux)" />
		</Unit>
		<Unit filename="api/labeltwo.cpp">
			<Option target="Debug" />
			<Option target="Debug (Fenstermodus)" />
			<Option target="Release" />
			<Option target="Release (Linux)" />
			<Option target="Debug (Linux)" />
		</Unit>
		<Unit filename="api/labeltwo.h">
			<Option target="Debug" />
			<Option target="Debug (Fenstermodus)" />
			<Option target="Release" />
			<Option target="Release (Linux)" />
			<Option target="Debug (Linux)" />
		</Unit>
		<Unit filename="api/list_dir.cpp">
			<Option target="Debug" />
			<Option target="Debug (Fenstermodus)" />
			<Option target="Release" />
			<Option target="Release (Linux)" />
			<Option target="Debug (Linux)" />
		</Unit>
		<Unit filename="api/list_dir.h">
			<Option target="Debug" />
			<Option target="Debug (Fenstermodus)" />
			<Option target="Release" />
			<Option target="Release (Linux)" />
			<Option target="Debug (Linux)" />
		</Unit>
		<Unit filename="api/list_fil.cpp">
			<Option target="Debug" />
			<Option target="Debug (Fenstermodus)" />
			<Option target="Release" />
			<Option target="Release (Linux)" />
			<Option target="Debug (Linux)" />
		</Unit>
		<Unit filename="api/list_fil.h">
			<Option target="Debug" />
			<Option target="Debug (Fenstermodus)" />
			<Option target="Release" />
			<Option target="Release (Linux)" />
			<Option target="Debug (Linux)" />
		</Unit>
		<Unit filename="api/list_lev.cpp">
			<Option target="Debug" />
			<Option target="Debug (Fenstermodus)" />
			<Option target="Release" />
			<Option target="Release (Linux)" />
			<Option target="Debug (Linux)" />
		</Unit>
		<Unit filename="api/list_lev.h">
			<Option target="Debug" />
			<Option target="Debug (Fenstermodus)" />
			<Option target="Release" />
			<Option target="Release (Linux)" />
			<Option target="Debug (Linux)" />
		</Unit>
		<Unit filename="api/manager.cpp">
			<Option target="Debug" />
			<Option target="Debug (Fenstermodus)" />
			<Option target="Release" />
			<Option target="Release (Linux)" />
			<Option target="Debug (Linux)" />
		</Unit>
		<Unit filename="api/manager.h">
			<Option target="Debug" />
			<Option target="Debug (Fenstermodus)" />
			<Option target="Release" />
			<Option target="Release (Linux)" />
			<Option target="Debug (Linux)" />
		</Unit>
		<Unit filename="api/message.cpp">
			<Option target="Debug" />
			<Option target="Debug (Fenstermodus)" />
			<Option target="Release" />
			<Option target="Release (Linux)" />
			<Option target="Debug (Linux)" />
		</Unit>
		<Unit filename="api/message.h">
			<Option target="Debug" />
			<Option target="Debug (Fenstermodus)" />
			<Option target="Release" />
			<Option target="Release (Linux)" />
			<Option target="Debug (Linux)" />
		</Unit>
		<Unit filename="api/number.cpp">
			<Option target="Debug" />
			<Option target="Debug (Fenstermodus)" />
			<Option target="Release" />
			<Option target="Release (Linux)" />
			<Option target="Debug (Linux)" />
		</Unit>
		<Unit filename="api/number.h">
			<Option target="Debug" />
			<Option target="Debug (Fenstermodus)" />
			<Option target="Release" />
			<Option target="Release (Linux)" />
			<Option target="Debug (Linux)" />
		</Unit>
		<Unit filename="api/texttype.cpp">
			<Option target="Debug" />
			<Option target="Debug (Fenstermodus)" />
			<Option target="Release" />
			<Option target="Release (Linux)" />
			<Option target="Debug (Linux)" />
		</Unit>
		<Unit filename="api/texttype.h">
			<Option target="Debug" />
			<Option target="Debug (Fenstermodus)" />
			<Option target="Release" />
			<Option target="Release (Linux)" />
			<Option target="Debug (Linux)" />
		</Unit>
		<Unit filename="api/window.cpp">
			<Option target="Debug" />
			<Option target="Debug (Fenstermodus)" />
			<Option target="Release" />
			<Option target="Release (Linux)" />
			<Option target="Debug (Linux)" />
		</Unit>
		<Unit filename="api/window.h">
			<Option target="Debug" />
			<Option target="Debug (Fenstermodus)" />
			<Option target="Release" />
			<Option target="Release (Linux)" />
			<Option target="Debug (Linux)" />
		</Unit>
		<Unit filename="editor/bit_brow.cpp">
			<Option target="Debug" />
			<Option target="Debug (Fenstermodus)" />
			<Option target="Release" />
			<Option target="Release (Linux)" />
			<Option target="Debug (Linux)" />
		</Unit>
		<Unit filename="editor/bit_brow.h">
			<Option target="Debug" />
			<Option target="Debug (Fenstermodus)" />
			<Option target="Release" />
			<Option target="Release (Linux)" />
			<Option target="Debug (Linux)" />
		</Unit>
		<Unit filename="editor/button_k.h">
			<Option target="Debug" />
			<Option target="Debug (Fenstermodus)" />
			<Option target="Release" />
			<Option target="Release (Linux)" />
			<Option target="Debug (Linux)" />
		</Unit>
		<Unit filename="editor/editor.cpp">
			<Option target="Debug" />
			<Option target="Debug (Fenstermodus)" />
			<Option target="Release" />
			<Option target="Release (Linux)" />
			<Option target="Debug (Linux)" />
		</Unit>
		<Unit filename="editor/editor.h">
			<Option target="Debug" />
			<Option target="Debug (Fenstermodus)" />
			<Option target="Release" />
			<Option target="Release (Linux)" />
			<Option target="Debug (Linux)" />
		</Unit>
		<Unit filename="editor/editor_c.cpp">
			<Option target="Debug" />
			<Option target="Debug (Fenstermodus)" />
			<Option target="Release" />
			<Option target="Release (Linux)" />
			<Option target="Debug (Linux)" />
		</Unit>
		<Unit filename="editor/editor_d.cpp">
			<Option target="Debug" />
			<Option target="Debug (Fenstermodus)" />
			<Option target="Release" />
			<Option target="Release (Linux)" />
			<Option target="Debug (Linux)" />
		</Unit>
		<Unit filename="editor/editor_f.cpp">
			<Option target="Debug" />
			<Option target="Debug (Fenstermodus)" />
			<Option target="Release" />
			<Option target="Release (Linux)" />
			<Option target="Debug (Linux)" />
		</Unit>
		<Unit filename="editor/graph_ed.cpp">
			<Option target="Debug" />
			<Option target="Debug (Fenstermodus)" />
			<Option target="Release" />
			<Option target="Release (Linux)" />
			<Option target="Debug (Linux)" />
		</Unit>
		<Unit filename="editor/graph_ed.h">
			<Option target="Debug" />
			<Option target="Debug (Fenstermodus)" />
			<Option target="Release" />
			<Option target="Release (Linux)" />
			<Option target="Debug (Linux)" />
		</Unit>
		<Unit filename="editor/win_scro.cpp">
			<Option target="Debug" />
			<Option target="Debug (Fenstermodus)" />
			<Option target="Release" />
			<Option target="Release (Linux)" />
			<Option target="Debug (Linux)" />
		</Unit>
		<Unit filename="editor/win_scro.h">
			<Option target="Debug" />
			<Option target="Debug (Fenstermodus)" />
			<Option target="Release" />
			<Option target="Release (Linux)" />
			<Option target="Debug (Linux)" />
		</Unit>
		<Unit filename="editor/win_size.cpp">
			<Option target="Debug" />
			<Option target="Debug (Fenstermodus)" />
			<Option target="Release" />
			<Option target="Release (Linux)" />
			<Option target="Debug (Linux)" />
		</Unit>
		<Unit filename="editor/win_size.h">
			<Option target="Debug" />
			<Option target="Debug (Fenstermodus)" />
			<Option target="Release" />
			<Option target="Release (Linux)" />
			<Option target="Debug (Linux)" />
		</Unit>
		<Unit filename="editor/win_skil.cpp">
			<Option target="Debug" />
			<Option target="Debug (Fenstermodus)" />
			<Option target="Release" />
			<Option target="Release (Linux)" />
			<Option target="Debug (Linux)" />
		</Unit>
		<Unit filename="editor/win_skil.h">
			<Option target="Debug" />
			<Option target="Debug (Fenstermodus)" />
			<Option target="Release" />
			<Option target="Release (Linux)" />
			<Option target="Debug (Linux)" />
		</Unit>
		<Unit filename="editor/win_var.cpp">
			<Option target="Debug" />
			<Option target="Debug (Fenstermodus)" />
			<Option target="Release" />
			<Option target="Release (Linux)" />
			<Option target="Debug (Linux)" />
		</Unit>
		<Unit filename="editor/win_var.h">
			<Option target="Debug" />
			<Option target="Debug (Fenstermodus)" />
			<Option target="Release" />
			<Option target="Release (Linux)" />
			<Option target="Debug (Linux)" />
		</Unit>
		<Unit filename="gameplay/effect.cpp">
			<Option target="Debug" />
			<Option target="Debug (Fenstermodus)" />
			<Option target="Release" />
			<Option target="Release (Linux)" />
			<Option target="Debug (Linux)" />
		</Unit>
		<Unit filename="gameplay/effect.h">
			<Option target="Debug" />
			<Option target="Debug (Fenstermodus)" />
			<Option target="Release" />
			<Option target="Release (Linux)" />
			<Option target="Debug (Linux)" />
		</Unit>
		<Unit filename="gameplay/gamepl_a.cpp">
			<Option target="Debug" />
			<Option target="Debug (Fenstermodus)" />
			<Option target="Release" />
			<Option target="Release (Linux)" />
			<Option target="Debug (Linux)" />
		</Unit>
		<Unit filename="gameplay/gamepl_c.cpp">
			<Option target="Debug" />
			<Option target="Debug (Fenstermodus)" />
			<Option target="Release" />
			<Option target="Release (Linux)" />
			<Option target="Debug (Linux)" />
		</Unit>
		<Unit filename="gameplay/gamepl_d.cpp">
			<Option target="Debug" />
			<Option target="Debug (Fenstermodus)" />
			<Option target="Release" />
			<Option target="Release (Linux)" />
			<Option target="Debug (Linux)" />
		</Unit>
		<Unit filename="gameplay/gamepl_u.cpp">
			<Option target="Debug" />
			<Option target="Debug (Fenstermodus)" />
			<Option target="Release" />
			<Option target="Release (Linux)" />
			<Option target="Debug (Linux)" />
		</Unit>
		<Unit filename="gameplay/gameplay.cpp">
			<Option target="Debug" />
			<Option target="Debug (Fenstermodus)" />
			<Option target="Release" />
			<Option target="Release (Linux)" />
			<Option target="Debug (Linux)" />
		</Unit>
		<Unit filename="gameplay/gameplay.h">
			<Option target="Debug" />
			<Option target="Debug (Fenstermodus)" />
			<Option target="Release" />
			<Option target="Release (Linux)" />
			<Option target="Debug (Linux)" />
		</Unit>
		<Unit filename="gameplay/goal.cpp">
			<Option target="Debug" />
			<Option target="Debug (Fenstermodus)" />
			<Option target="Release" />
			<Option target="Release (Linux)" />
			<Option target="Debug (Linux)" />
		</Unit>
		<Unit filename="gameplay/goal.h">
			<Option target="Debug" />
			<Option target="Debug (Fenstermodus)" />
			<Option target="Release" />
			<Option target="Release (Linux)" />
			<Option target="Debug (Linux)" />
		</Unit>
		<Unit filename="gameplay/gui/arrow.cpp">
			<Option target="Debug" />
			<Option target="Debug (Fenstermodus)" />
			<Option target="Release" />
			<Option target="Release (Linux)" />
			<Option target="Debug (Linux)" />
		</Unit>
		<Unit filename="gameplay/gui/arrow.h">
			<Option target="Debug" />
			<Option target="Debug (Fenstermodus)" />
			<Option target="Release" />
			<Option target="Release (Linux)" />
			<Option target="Debug (Linux)" />
		</Unit>
		<Unit filename="gameplay/gui/chat.cpp">
			<Option target="Debug" />
			<Option target="Debug (Fenstermodus)" />
			<Option target="Release" />
			<Option target="Release (Linux)" />
			<Option target="Debug (Linux)" />
		</Unit>
		<Unit filename="gameplay/gui/chat.h">
			<Option target="Debug" />
			<Option target="Debug (Fenstermodus)" />
			<Option target="Release" />
			<Option target="Release (Linux)" />
			<Option target="Debug (Linux)" />
		</Unit>
		<Unit filename="gameplay/gui/pan_i_tr.cpp">
			<Option target="Debug" />
			<Option target="Debug (Fenstermodus)" />
			<Option target="Release" />
			<Option target="Release (Linux)" />
			<Option target="Debug (Linux)" />
		</Unit>
		<Unit filename="gameplay/gui/pan_info.cpp">
			<Option target="Debug" />
			<Option target="Debug (Fenstermodus)" />
			<Option target="Release" />
			<Option target="Release (Linux)" />
			<Option target="Debug (Linux)" />
		</Unit>
		<Unit filename="gameplay/gui/pan_info.h">
			<Option target="Debug" />
			<Option target="Debug (Fenstermodus)" />
			<Option target="Release" />
			<Option target="Release (Linux)" />
			<Option target="Debug (Linux)" />
		</Unit>
		<Unit filename="gameplay/gui/panel.cpp">
			<Option target="Debug" />
			<Option target="Debug (Fenstermodus)" />
			<Option target="Release" />
			<Option target="Release (Linux)" />
			<Option target="Debug (Linux)" />
		</Unit>
		<Unit filename="gameplay/gui/panel.h">
			<Option target="Debug" />
			<Option target="Debug (Fenstermodus)" />
			<Option target="Release" />
			<Option target="Release (Linux)" />
			<Option target="Debug (Linux)" />
		</Unit>
		<Unit filename="gameplay/gui/tutorial.cpp">
			<Option target="Debug" />
			<Option target="Debug (Fenstermodus)" />
			<Option target="Release" />
			<Option target="Release (Linux)" />
			<Option target="Debug (Linux)" />
		</Unit>
		<Unit filename="gameplay/gui/win_game.cpp">
			<Option target="Debug" />
			<Option target="Debug (Fenstermodus)" />
			<Option target="Release" />
			<Option target="Release (Linux)" />
			<Option target="Debug (Linux)" />
		</Unit>
		<Unit filename="gameplay/gui/win_game.h">
			<Option target="Debug" />
			<Option target="Debug (Fenstermodus)" />
			<Option target="Release" />
			<Option target="Release (Linux)" />
			<Option target="Debug (Linux)" />
		</Unit>
		<Unit filename="gameplay/hatch.cpp">
			<Option target="Debug" />
			<Option target="Debug (Fenstermodus)" />
			<Option target="Release" />
			<Option target="Release (Linux)" />
			<Option target="Debug (Linux)" />
		</Unit>
		<Unit filename="gameplay/hatch.h">
			<Option target="Debug" />
			<Option target="Debug (Fenstermodus)" />
			<Option target="Release" />
			<Option target="Release (Linux)" />
			<Option target="Debug (Linux)" />
		</Unit>
		<Unit filename="gameplay/lookup.cpp">
			<Option target="Debug" />
			<Option target="Debug (Fenstermodus)" />
			<Option target="Release" />
			<Option target="Release (Linux)" />
			<Option target="Debug (Linux)" />
		</Unit>
		<Unit filename="gameplay/lookup.h">
			<Option target="Debug" />
			<Option target="Debug (Fenstermodus)" />
			<Option target="Release" />
			<Option target="Release (Linux)" />
			<Option target="Debug (Linux)" />
		</Unit>
		<Unit filename="gameplay/replay.cpp">
			<Option target="Debug" />
			<Option target="Debug (Fenstermodus)" />
			<Option target="Release" />
			<Option target="Release (Linux)" />
			<Option target="Debug (Linux)" />
		</Unit>
		<Unit filename="gameplay/replay.h">
			<Option target="Debug" />
			<Option target="Debug (Fenstermodus)" />
			<Option target="Release" />
			<Option target="Release (Linux)" />
			<Option target="Debug (Linux)" />
		</Unit>
		<Unit filename="gameplay/state.cpp">
			<Option target="Debug" />
			<Option target="Debug (Fenstermodus)" />
			<Option target="Release" />
			<Option target="Release (Linux)" />
			<Option target="Debug (Linux)" />
		</Unit>
		<Unit filename="gameplay/state.h">
			<Option target="Debug" />
			<Option target="Debug (Fenstermodus)" />
			<Option target="Release" />
			<Option target="Release (Linux)" />
			<Option target="Debug (Linux)" />
		</Unit>
		<Unit filename="gameplay/state_ma.cpp">
			<Option target="Debug" />
			<Option target="Debug (Fenstermodus)" />
			<Option target="Release" />
			<Option target="Release (Linux)" />
			<Option target="Debug (Linux)" />
		</Unit>
		<Unit filename="gameplay/state_ma.h">
			<Option target="Debug" />
			<Option target="Debug (Fenstermodus)" />
			<Option target="Release" />
			<Option target="Release (Linux)" />
			<Option target="Debug (Linux)" />
		</Unit>
		<Unit filename="gameplay/tribe.cpp">
			<Option target="Debug" />
			<Option target="Debug (Fenstermodus)" />
			<Option target="Release" />
			<Option target="Release (Linux)" />
			<Option target="Debug (Linux)" />
		</Unit>
		<Unit filename="gameplay/tribe.h">
			<Option target="Debug" />
			<Option target="Debug (Fenstermodus)" />
			<Option target="Release" />
			<Option target="Release (Linux)" />
			<Option target="Debug (Linux)" />
		</Unit>
		<Unit filename="gameplay/trigger.cpp">
			<Option target="Debug" />
			<Option target="Debug (Fenstermodus)" />
			<Option target="Release" />
			<Option target="Release (Linux)" />
			<Option target="Debug (Linux)" />
		</Unit>
		<Unit filename="gameplay/trigger.h">
			<Option target="Debug" />
			<Option target="Debug (Fenstermodus)" />
			<Option target="Release" />
			<Option target="Release (Linux)" />
			<Option target="Debug (Linux)" />
		</Unit>
		<Unit filename="graphic/bitlist.cpp">
			<Option target="Debug" />
			<Option target="Debug (Fenstermodus)" />
			<Option target="Release" />
			<Option target="Release (Linux)" />
			<Option target="Debug (Linux)" />
		</Unit>
		<Unit filename="graphic/cutbit.cpp">
			<Option target="Debug" />
			<Option target="Debug (Fenstermodus)" />
			<Option target="Release" />
			<Option target="Release (Linux)" />
			<Option target="Debug (Linux)" />
		</Unit>
		<Unit filename="graphic/cutbit.h">
			<Option target="Debug" />
			<Option target="Debug (Fenstermodus)" />
			<Option target="Release" />
			<Option target="Release (Linux)" />
			<Option target="Debug (Linux)" />
		</Unit>
		<Unit filename="graphic/glob_gfx.cpp">
			<Option target="Debug" />
			<Option target="Debug (Fenstermodus)" />
			<Option target="Release" />
			<Option target="Release (Linux)" />
			<Option target="Debug (Linux)" />
		</Unit>
		<Unit filename="graphic/glob_gfx.h">
			<Option target="Debug" />
			<Option target="Debug (Fenstermodus)" />
			<Option target="Release" />
			<Option target="Release (Linux)" />
			<Option target="Debug (Linux)" />
		</Unit>
		<Unit filename="graphic/gra_lib.cpp">
			<Option target="Debug" />
			<Option target="Debug (Fenstermodus)" />
			<Option target="Release" />
			<Option target="Release (Linux)" />
			<Option target="Debug (Linux)" />
		</Unit>
		<Unit filename="graphic/gra_lib.h">
			<Option target="Debug" />
			<Option target="Debug (Fenstermodus)" />
			<Option target="Release" />
			<Option target="Release (Linux)" />
			<Option target="Debug (Linux)" />
		</Unit>
		<Unit filename="graphic/graph_bg.cpp">
			<Option target="Debug" />
			<Option target="Debug (Fenstermodus)" />
			<Option target="Release" />
			<Option target="Release (Linux)" />
			<Option target="Debug (Linux)" />
		</Unit>
		<Unit filename="graphic/graph_bg.h">
			<Option target="Debug" />
			<Option target="Debug (Fenstermodus)" />
			<Option target="Release" />
			<Option target="Release (Linux)" />
			<Option target="Debug (Linux)" />
		</Unit>
		<Unit filename="graphic/graphic.cpp">
			<Option target="Debug" />
			<Option target="Debug (Fenstermodus)" />
			<Option target="Release" />
			<Option target="Release (Linux)" />
			<Option target="Debug (Linux)" />
		</Unit>
		<Unit filename="graphic/graphic.h">
			<Option target="Debug" />
			<Option target="Debug (Fenstermodus)" />
			<Option target="Release" />
			<Option target="Release (Linux)" />
			<Option target="Debug (Linux)" />
		</Unit>
		<Unit filename="graphic/map.cpp">
			<Option target="Debug" />
			<Option target="Debug (Fenstermodus)" />
			<Option target="Release" />
			<Option target="Release (Linux)" />
			<Option target="Debug (Linux)" />
		</Unit>
		<Unit filename="graphic/map.h">
			<Option target="Debug" />
			<Option target="Debug (Fenstermodus)" />
			<Option target="Release" />
			<Option target="Release (Linux)" />
			<Option target="Debug (Linux)" />
		</Unit>
		<Unit filename="graphic/map_d.cpp">
			<Option target="Debug" />
			<Option target="Debug (Fenstermodus)" />
			<Option target="Release" />
			<Option target="Release (Linux)" />
			<Option target="Debug (Linux)" />
		</Unit>
		<Unit filename="graphic/png/loadpng.c">
			<Option compilerVar="CC" />
			<Option target="Debug" />
			<Option target="Debug (Fenstermodus)" />
			<Option target="Release" />
			<Option target="Release (Linux)" />
			<Option target="Debug (Linux)" />
		</Unit>
		<Unit filename="graphic/png/loadpng.h">
			<Option target="Debug" />
			<Option target="Debug (Fenstermodus)" />
			<Option target="Release" />
			<Option target="Release (Linux)" />
			<Option target="Debug (Linux)" />
		</Unit>
		<Unit filename="graphic/png/regpng.c">
			<Option compilerVar="CC" />
			<Option target="Debug" />
			<Option target="Debug (Fenstermodus)" />
			<Option target="Release" />
			<Option target="Release (Linux)" />
			<Option target="Debug (Linux)" />
		</Unit>
		<Unit filename="graphic/png/savepng.c">
			<Option compilerVar="CC" />
			<Option target="Debug" />
			<Option target="Debug (Fenstermodus)" />
			<Option target="Release" />
			<Option target="Release (Linux)" />
			<Option target="Debug (Linux)" />
		</Unit>
		<Unit filename="graphic/sound.cpp">
			<Option target="Debug" />
			<Option target="Debug (Fenstermodus)" />
			<Option target="Release" />
			<Option target="Release (Linux)" />
			<Option target="Debug (Linux)" />
		</Unit>
		<Unit filename="graphic/sound.h">
			<Option target="Debug" />
			<Option target="Debug (Fenstermodus)" />
			<Option target="Release" />
			<Option target="Release (Linux)" />
			<Option target="Debug (Linux)" />
		</Unit>
		<Unit filename="graphic/torbit.cpp">
			<Option target="Debug" />
			<Option target="Debug (Fenstermodus)" />
			<Option target="Release" />
			<Option target="Release (Linux)" />
			<Option target="Debug (Linux)" />
		</Unit>
		<Unit filename="graphic/torbit.h">
			<Option target="Debug" />
			<Option target="Debug (Fenstermodus)" />
			<Option target="Release" />
			<Option target="Release (Linux)" />
			<Option target="Debug (Linux)" />
		</Unit>
		<Unit filename="icon.rc">
			<Option compilerVar="WINDRES" />
			<Option target="Debug" />
			<Option target="Debug (Fenstermodus)" />
			<Option target="Release" />
		</Unit>
		<Unit filename="level/crunch.cpp">
			<Option target="Debug" />
			<Option target="Debug (Fenstermodus)" />
			<Option target="Release" />
			<Option target="Release (Linux)" />
			<Option target="Debug (Linux)" />
		</Unit>
		<Unit filename="level/crunch.h">
			<Option target="Debug" />
			<Option target="Debug (Fenstermodus)" />
			<Option target="Release" />
			<Option target="Release (Linux)" />
			<Option target="Debug (Linux)" />
		</Unit>
		<Unit filename="level/graset.cpp">
			<Option target="Debug" />
			<Option target="Debug (Fenstermodus)" />
			<Option target="Release" />
			<Option target="Release (Linux)" />
			<Option target="Debug (Linux)" />
		</Unit>
		<Unit filename="level/graset.h">
			<Option target="Debug" />
			<Option target="Debug (Fenstermodus)" />
			<Option target="Release" />
			<Option target="Release (Linux)" />
			<Option target="Debug (Linux)" />
		</Unit>
		<Unit filename="level/graset_1.cpp">
			<Option target="Debug" />
			<Option target="Debug (Fenstermodus)" />
			<Option target="Release" />
			<Option target="Release (Linux)" />
			<Option target="Debug (Linux)" />
		</Unit>
		<Unit filename="level/graset_1.h">
			<Option target="Debug" />
			<Option target="Debug (Fenstermodus)" />
			<Option target="Release" />
			<Option target="Release (Linux)" />
			<Option target="Debug (Linux)" />
		</Unit>
		<Unit filename="level/graset_2.cpp">
			<Option target="Debug" />
			<Option target="Debug (Fenstermodus)" />
			<Option target="Release" />
			<Option target="Release (Linux)" />
			<Option target="Debug (Linux)" />
		</Unit>
		<Unit filename="level/graset_2.h">
			<Option target="Debug" />
			<Option target="Debug (Fenstermodus)" />
			<Option target="Release" />
			<Option target="Release (Linux)" />
			<Option target="Debug (Linux)" />
		</Unit>
		<Unit filename="level/level.cpp">
			<Option target="Debug" />
			<Option target="Debug (Fenstermodus)" />
			<Option target="Release" />
			<Option target="Release (Linux)" />
			<Option target="Debug (Linux)" />
		</Unit>
		<Unit filename="level/level.h">
			<Option target="Debug" />
			<Option target="Debug (Fenstermodus)" />
			<Option target="Release" />
			<Option target="Release (Linux)" />
			<Option target="Debug (Linux)" />
		</Unit>
		<Unit filename="level/level_bi.cpp">
			<Option target="Debug" />
			<Option target="Debug (Fenstermodus)" />
			<Option target="Release" />
			<Option target="Release (Linux)" />
			<Option target="Debug (Linux)" />
		</Unit>
		<Unit filename="level/level_dr.cpp">
			<Option target="Debug" />
			<Option target="Debug (Fenstermodus)" />
			<Option target="Release" />
			<Option target="Release (Linux)" />
			<Option target="Debug (Linux)" />
		</Unit>
		<Unit filename="level/level_io.cpp">
			<Option target="Debug" />
			<Option target="Debug (Fenstermodus)" />
			<Option target="Release" />
			<Option target="Release (Linux)" />
			<Option target="Debug (Linux)" />
		</Unit>
		<Unit filename="level/level_me.cpp">
			<Option target="Debug" />
			<Option target="Debug (Fenstermodus)" />
			<Option target="Release" />
			<Option target="Release (Linux)" />
			<Option target="Debug (Linux)" />
		</Unit>
		<Unit filename="level/level_me.h">
			<Option target="Debug" />
			<Option target="Debug (Fenstermodus)" />
			<Option target="Release" />
			<Option target="Release (Linux)" />
			<Option target="Debug (Linux)" />
		</Unit>
		<Unit filename="level/level_ni.cpp">
			<Option target="Debug" />
			<Option target="Debug (Fenstermodus)" />
			<Option target="Release" />
			<Option target="Release (Linux)" />
			<Option target="Debug (Linux)" />
		</Unit>
		<Unit filename="level/obj_lib.cpp">
			<Option target="Debug" />
			<Option target="Debug (Fenstermodus)" />
			<Option target="Release" />
			<Option target="Release (Linux)" />
			<Option target="Debug (Linux)" />
		</Unit>
		<Unit filename="level/obj_lib.h">
			<Option target="Debug" />
			<Option target="Debug (Fenstermodus)" />
			<Option target="Release" />
			<Option target="Release (Linux)" />
			<Option target="Debug (Linux)" />
		</Unit>
		<Unit filename="level/obj_repl.cpp">
			<Option target="Debug" />
			<Option target="Debug (Fenstermodus)" />
			<Option target="Release" />
			<Option target="Release (Linux)" />
			<Option target="Debug (Linux)" />
		</Unit>
		<Unit filename="level/object.cpp">
			<Option target="Debug" />
			<Option target="Debug (Fenstermodus)" />
			<Option target="Release" />
			<Option target="Release (Linux)" />
			<Option target="Debug (Linux)" />
		</Unit>
		<Unit filename="level/object.h">
			<Option target="Debug" />
			<Option target="Debug (Fenstermodus)" />
			<Option target="Release" />
			<Option target="Release (Linux)" />
			<Option target="Debug (Linux)" />
		</Unit>
		<Unit filename="lix/ac.h">
			<Option target="Debug" />
			<Option target="Debug (Fenstermodus)" />
			<Option target="Release" />
			<Option target="Release (Linux)" />
			<Option target="Debug (Linux)" />
		</Unit>
		<Unit filename="lix/ac_func.cpp">
			<Option target="Debug" />
			<Option target="Debug (Fenstermodus)" />
			<Option target="Release" />
			<Option target="Release (Linux)" />
			<Option target="Debug (Linux)" />
		</Unit>
		<Unit filename="lix/ac_func.h">
			<Option target="Debug" />
			<Option target="Debug (Fenstermodus)" />
			<Option target="Release" />
			<Option target="Release (Linux)" />
			<Option target="Debug (Linux)" />
		</Unit>
		<Unit filename="lix/ascender.cpp">
			<Option target="Debug" />
			<Option target="Debug (Fenstermodus)" />
			<Option target="Release" />
			<Option target="Release (Linux)" />
			<Option target="Debug (Linux)" />
		</Unit>
		<Unit filename="lix/basher.cpp">
			<Option target="Debug" />
			<Option target="Debug (Fenstermodus)" />
			<Option target="Release" />
			<Option target="Release (Linux)" />
			<Option target="Debug (Linux)" />
		</Unit>
		<Unit filename="lix/batter.cpp">
			<Option target="Debug" />
			<Option target="Debug (Fenstermodus)" />
			<Option target="Release" />
			<Option target="Release (Linux)" />
			<Option target="Debug (Linux)" />
		</Unit>
		<Unit filename="lix/blocker.cpp">
			<Option target="Debug" />
			<Option target="Debug (Fenstermodus)" />
			<Option target="Release" />
			<Option target="Release (Linux)" />
			<Option target="Debug (Linux)" />
		</Unit>
		<Unit filename="lix/builder.cpp">
			<Option target="Debug" />
			<Option target="Debug (Fenstermodus)" />
			<Option target="Release" />
			<Option target="Release (Linux)" />
			<Option target="Debug (Linux)" />
		</Unit>
		<Unit filename="lix/climber.cpp">
			<Option target="Debug" />
			<Option target="Debug (Fenstermodus)" />
			<Option target="Release" />
			<Option target="Release (Linux)" />
			<Option target="Debug (Linux)" />
		</Unit>
		<Unit filename="lix/cuber.cpp">
			<Option target="Debug" />
			<Option target="Debug (Fenstermodus)" />
			<Option target="Release" />
			<Option target="Release (Linux)" />
			<Option target="Debug (Linux)" />
		</Unit>
		<Unit filename="lix/deaths.cpp">
			<Option target="Debug" />
			<Option target="Debug (Fenstermodus)" />
			<Option target="Release" />
			<Option target="Release (Linux)" />
			<Option target="Debug (Linux)" />
		</Unit>
		<Unit filename="lix/digger.cpp">
			<Option target="Debug" />
			<Option target="Debug (Fenstermodus)" />
			<Option target="Release" />
			<Option target="Release (Linux)" />
			<Option target="Debug (Linux)" />
		</Unit>
		<Unit filename="lix/exiter.cpp">
			<Option target="Debug" />
			<Option target="Debug (Fenstermodus)" />
			<Option target="Release" />
			<Option target="Release (Linux)" />
			<Option target="Debug (Linux)" />
		</Unit>
		<Unit filename="lix/exploder.cpp">
			<Option target="Debug" />
			<Option target="Debug (Fenstermodus)" />
			<Option target="Release" />
			<Option target="Release (Linux)" />
			<Option target="Debug (Linux)" />
		</Unit>
		<Unit filename="lix/faller.cpp">
			<Option target="Debug" />
			<Option target="Debug (Fenstermodus)" />
			<Option target="Release" />
			<Option target="Release (Linux)" />
			<Option target="Debug (Linux)" />
		</Unit>
		<Unit filename="lix/floater.cpp">
			<Option target="Debug" />
			<Option target="Debug (Fenstermodus)" />
			<Option target="Release" />
			<Option target="Release (Linux)" />
			<Option target="Debug (Linux)" />
		</Unit>
		<Unit filename="lix/init.cpp">
			<Option target="Debug" />
			<Option target="Debug (Fenstermodus)" />
			<Option target="Release" />
			<Option target="Release (Linux)" />
			<Option target="Debug (Linux)" />
		</Unit>
		<Unit filename="lix/jumper.cpp">
			<Option target="Debug" />
			<Option target="Debug (Fenstermodus)" />
			<Option target="Release" />
			<Option target="Release (Linux)" />
			<Option target="Debug (Linux)" />
		</Unit>
		<Unit filename="lix/lander.cpp">
			<Option target="Debug" />
			<Option target="Debug (Fenstermodus)" />
			<Option target="Release" />
			<Option target="Release (Linux)" />
			<Option target="Debug (Linux)" />
		</Unit>
		<Unit filename="lix/lix.cpp">
			<Option target="Debug" />
			<Option target="Debug (Fenstermodus)" />
			<Option target="Release" />
			<Option target="Release (Linux)" />
			<Option target="Debug (Linux)" />
		</Unit>
		<Unit filename="lix/lix.h">
			<Option target="Debug" />
			<Option target="Debug (Fenstermodus)" />
			<Option target="Release" />
			<Option target="Release (Linux)" />
			<Option target="Debug (Linux)" />
		</Unit>
		<Unit filename="lix/lix_ac.cpp">
			<Option target="Debug" />
			<Option target="Debug (Fenstermodus)" />
			<Option target="Release" />
			<Option target="Release (Linux)" />
			<Option target="Debug (Linux)" />
		</Unit>
		<Unit filename="lix/lix_enum.cpp">
			<Option target="Debug" />
			<Option target="Debug (Fenstermodus)" />
			<Option target="Release" />
			<Option target="Release (Linux)" />
			<Option target="Debug (Linux)" />
		</Unit>
		<Unit filename="lix/lix_enum.h">
			<Option target="Debug" />
			<Option target="Debug (Fenstermodus)" />
			<Option target="Release" />
			<Option target="Release (Linux)" />
			<Option target="Debug (Linux)" />
		</Unit>
		<Unit filename="lix/lix_upd.cpp">
			<Option target="Debug" />
			<Option target="Debug (Fenstermodus)" />
			<Option target="Release" />
			<Option target="Release (Linux)" />
			<Option target="Debug (Linux)" />
		</Unit>
		<Unit filename="lix/miner.cpp">
			<Option target="Debug" />
			<Option target="Debug (Fenstermodus)" />
			<Option target="Release" />
			<Option target="Release (Linux)" />
			<Option target="Debug (Linux)" />
		</Unit>
		<Unit filename="lix/platform.cpp">
			<Option target="Debug" />
			<Option target="Debug (Fenstermodus)" />
			<Option target="Release" />
			<Option target="Release (Linux)" />
			<Option target="Debug (Linux)" />
		</Unit>
		<Unit filename="lix/runner.cpp">
			<Option target="Debug" />
			<Option target="Debug (Fenstermodus)" />
			<Option target="Release" />
			<Option target="Release (Linux)" />
			<Option target="Debug (Linux)" />
		</Unit>
		<Unit filename="lix/stunner.cpp">
			<Option target="Debug" />
			<Option target="Debug (Fenstermodus)" />
			<Option target="Release" />
			<Option target="Release (Linux)" />
			<Option target="Debug (Linux)" />
		</Unit>
		<Unit filename="lix/tumbler.cpp">
			<Option target="Debug" />
			<Option target="Debug (Fenstermodus)" />
			<Option target="Release" />
			<Option target="Release (Linux)" />
			<Option target="Debug (Linux)" />
		</Unit>
		<Unit filename="lix/walker.cpp">
			<Option target="Debug" />
			<Option target="Debug (Fenstermodus)" />
			<Option target="Release" />
			<Option target="Release (Linux)" />
			<Option target="Debug (Linux)" />
		</Unit>
		<Unit filename="menu/brow_big.cpp">
			<Option target="Debug" />
			<Option target="Debug (Fenstermodus)" />
			<Option target="Release" />
			<Option target="Release (Linux)" />
			<Option target="Debug (Linux)" />
		</Unit>
		<Unit filename="menu/brow_big.h">
			<Option target="Debug" />
			<Option target="Debug (Fenstermodus)" />
			<Option target="Release" />
			<Option target="Release (Linux)" />
			<Option target="Debug (Linux)" />
		</Unit>
		<Unit filename="menu/brow_net.cpp">
			<Option target="Debug" />
			<Option target="Debug (Fenstermodus)" />
			<Option target="Release" />
			<Option target="Release (Linux)" />
			<Option target="Debug (Linux)" />
		</Unit>
		<Unit filename="menu/brow_rep.cpp">
			<Option target="Debug" />
			<Option target="Debug (Fenstermodus)" />
			<Option target="Release" />
			<Option target="Release (Linux)" />
			<Option target="Debug (Linux)" />
		</Unit>
		<Unit filename="menu/brow_sin.cpp">
			<Option target="Debug" />
			<Option target="Debug (Fenstermodus)" />
			<Option target="Release" />
			<Option target="Release (Linux)" />
			<Option target="Debug (Linux)" />
		</Unit>
		<Unit filename="menu/browsers.h">
			<Option target="Debug" />
			<Option target="Debug (Fenstermodus)" />
			<Option target="Release" />
			<Option target="Release (Linux)" />
			<Option target="Debug (Linux)" />
		</Unit>
		<Unit filename="menu/little.cpp">
			<Option target="Debug" />
			<Option target="Debug (Fenstermodus)" />
			<Option target="Release" />
			<Option target="Release (Linux)" />
			<Option target="Debug (Linux)" />
		</Unit>
		<Unit filename="menu/little.h">
			<Option target="Debug" />
			<Option target="Debug (Fenstermodus)" />
			<Option target="Release" />
			<Option target="Release (Linux)" />
			<Option target="Debug (Linux)" />
		</Unit>
		<Unit filename="menu/lobby.cpp">
			<Option target="Debug" />
			<Option target="Debug (Fenstermodus)" />
			<Option target="Release" />
			<Option target="Release (Linux)" />
			<Option target="Debug (Linux)" />
		</Unit>
		<Unit filename="menu/lobby.h">
			<Option target="Debug" />
			<Option target="Debug (Fenstermodus)" />
			<Option target="Release" />
			<Option target="Release (Linux)" />
			<Option target="Debug (Linux)" />
		</Unit>
		<Unit filename="menu/lobby_li.cpp">
			<Option target="Debug" />
			<Option target="Debug (Fenstermodus)" />
			<Option target="Release" />
			<Option target="Release (Linux)" />
			<Option target="Debug (Linux)" />
		</Unit>
		<Unit filename="menu/lobby_li.h">
			<Option target="Debug" />
			<Option target="Debug (Fenstermodus)" />
			<Option target="Release" />
			<Option target="Release (Linux)" />
			<Option target="Debug (Linux)" />
		</Unit>
		<Unit filename="menu/lobby_ro.cpp">
			<Option target="Debug" />
			<Option target="Debug (Fenstermodus)" />
			<Option target="Release" />
			<Option target="Release (Linux)" />
			<Option target="Debug (Linux)" />
		</Unit>
		<Unit filename="menu/lobby_ro.h">
			<Option target="Debug" />
			<Option target="Debug (Fenstermodus)" />
			<Option target="Release" />
			<Option target="Release (Linux)" />
			<Option target="Debug (Linux)" />
		</Unit>
		<Unit filename="menu/main_men.cpp">
			<Option target="Debug" />
			<Option target="Debug (Fenstermodus)" />
			<Option target="Release" />
			<Option target="Release (Linux)" />
			<Option target="Debug (Linux)" />
		</Unit>
		<Unit filename="menu/main_men.h">
			<Option target="Debug" />
			<Option target="Debug (Fenstermodus)" />
			<Option target="Release" />
			<Option target="Release (Linux)" />
			<Option target="Debug (Linux)" />
		</Unit>
		<Unit filename="menu/menu.cpp">
			<Option target="Debug" />
			<Option target="Debug (Fenstermodus)" />
			<Option target="Release" />
			<Option target="Release (Linux)" />
			<Option target="Debug (Linux)" />
		</Unit>
		<Unit filename="menu/menu.h">
			<Option target="Debug" />
			<Option target="Debug (Fenstermodus)" />
			<Option target="Release" />
			<Option target="Release (Linux)" />
			<Option target="Debug (Linux)" />
		</Unit>
		<Unit filename="menu/options.cpp">
			<Option target="Debug" />
			<Option target="Debug (Fenstermodus)" />
			<Option target="Release" />
			<Option target="Release (Linux)" />
			<Option target="Debug (Linux)" />
		</Unit>
		<Unit filename="menu/options.h">
			<Option target="Debug" />
			<Option target="Debug (Fenstermodus)" />
			<Option target="Release" />
			<Option target="Release (Linux)" />
			<Option target="Debug (Linux)" />
		</Unit>
		<Unit filename="menu/preview.cpp">
			<Option target="Debug" />
			<Option target="Debug (Fenstermodus)" />
			<Option target="Release" />
			<Option target="Release (Linux)" />
			<Option target="Debug (Linux)" />
		</Unit>
		<Unit filename="menu/preview.h">
			<Option target="Debug" />
			<Option target="Debug (Fenstermodus)" />
			<Option target="Release" />
			<Option target="Release (Linux)" />
			<Option target="Debug (Linux)" />
		</Unit>
		<Unit filename="network/client.cpp">
			<Option target="Debug" />
			<Option target="Debug (Fenstermodus)" />
			<Option target="Release" />
			<Option target="Release (Linux)" />
			<Option target="Debug (Linux)" />
		</Unit>
		<Unit filename="network/client.h">
			<Option target="Debug" />
			<Option target="Debug (Fenstermodus)" />
			<Option target="Release" />
			<Option target="Release (Linux)" />
			<Option target="Debug (Linux)" />
		</Unit>
		<Unit filename="network/client_c.cpp">
			<Option target="Debug" />
			<Option target="Debug (Fenstermodus)" />
			<Option target="Release" />
			<Option target="Release (Linux)" />
			<Option target="Debug (Linux)" />
		</Unit>
		<Unit filename="network/gameevents.cpp">
			<Option target="Release" />
			<Option target="TestNetwork" />
		</Unit>
		<Unit filename="network/gameevents.h">
			<Option target="Release" />
			<Option target="TestNetwork" />
		</Unit>
		<Unit filename="network/net_t.cpp">
			<Option target="Debug" />
			<Option target="Debug (Fenstermodus)" />
			<Option target="Release" />
			<Option target="Release (Linux)" />
			<Option target="Debug (Linux)" />
		</Unit>
		<Unit filename="network/net_t.h">
			<Option target="Debug" />
			<Option target="Debug (Fenstermodus)" />
			<Option target="Release" />
			<Option target="Release (Linux)" />
			<Option target="Debug (Linux)" />
		</Unit>
		<Unit filename="network/network.cpp">
			<Option target="Debug" />
			<Option target="Debug (Fenstermodus)" />
			<Option target="Release" />
			<Option target="Release (Linux)" />
			<Option target="Debug (Linux)" />
		</Unit>
		<Unit filename="network/network.h">
			<Option target="Debug" />
			<Option target="Debug (Fenstermodus)" />
			<Option target="Release" />
			<Option target="Release (Linux)" />
			<Option target="Debug (Linux)" />
		</Unit>
		<Unit filename="network/permu.cpp">
			<Option target="Debug" />
			<Option target="Debug (Fenstermodus)" />
			<Option target="Release" />
			<Option target="Release (Linux)" />
			<Option target="Debug (Linux)" />
		</Unit>
		<Unit filename="network/permu.h">
			<Option target="Debug" />
			<Option target="Debug (Fenstermodus)" />
			<Option target="Release" />
			<Option target="Release (Linux)" />
			<Option target="Debug (Linux)" />
		</Unit>
		<Unit filename="network/server.cpp">
			<Option target="Debug" />
			<Option target="Debug (Fenstermodus)" />
			<Option target="Release" />
			<Option target="Release (Linux)" />
			<Option target="Debug (Linux)" />
		</Unit>
		<Unit filename="network/server.h">
			<Option target="Debug" />
			<Option target="Debug (Fenstermodus)" />
			<Option target="Release" />
			<Option target="Release (Linux)" />
			<Option target="Debug (Linux)" />
		</Unit>
		<Unit filename="network/server_c.cpp">
			<Option target="Debug" />
			<Option target="Debug (Fenstermodus)" />
			<Option target="Release" />
			<Option target="Release (Linux)" />
			<Option target="Debug (Linux)" />
		</Unit>
		<Unit filename="other/console.cpp">
			<Option target="Debug" />
			<Option target="Debug (Fenstermodus)" />
			<Option target="Release" />
			<Option target="Release (Linux)" />
			<Option target="Debug (Linux)" />
		</Unit>
		<Unit filename="other/console.h">
			<Option target="Debug" />
			<Option target="Debug (Fenstermodus)" />
			<Option target="Release" />
			<Option target="Release (Linux)" />
			<Option target="Debug (Linux)" />
		</Unit>
		<Unit filename="other/file/date.cpp">
			<Option target="Debug" />
			<Option target="Debug (Fenstermodus)" />
			<Option target="Release" />
			<Option target="Release (Linux)" />
			<Option target="Debug (Linux)" />
		</Unit>
		<Unit filename="other/file/date.h">
			<Option target="Debug" />
			<Option target="Debug (Fenstermodus)" />
			<Option target="Release" />
			<Option target="Release (Linux)" />
			<Option target="Debug (Linux)" />
		</Unit>
		<Unit filename="other/file/filename.cpp">
			<Option target="Debug" />
			<Option target="Debug (Fenstermodus)" />
			<Option target="Release" />
			<Option target="Release (Linux)" />
			<Option target="Debug (Linux)" />
		</Unit>
		<Unit filename="other/file/filename.h">
			<Option target="Debug" />
			<Option target="Debug (Fenstermodus)" />
			<Option target="Release" />
			<Option target="Release (Linux)" />
			<Option target="Debug (Linux)" />
		</Unit>
		<Unit filename="other/file/io.cpp">
			<Option target="Debug" />
			<Option target="Debug (Fenstermodus)" />
			<Option target="Release" />
			<Option target="Release (Linux)" />
			<Option target="Debug (Linux)" />
		</Unit>
		<Unit filename="other/file/io.h">
			<Option target="Debug" />
			<Option target="Debug (Fenstermodus)" />
			<Option target="Release" />
			<Option target="Release (Linux)" />
			<Option target="Debug (Linux)" />
		</Unit>
		<Unit filename="other/file/log.cpp">
			<Option target="Debug" />
			<Option target="Debug (Fenstermodus)" />
			<Option target="Release" />
			<Option target="Release (Linux)" />
			<Option target="Debug (Linux)" />
		</Unit>
		<Unit filename="other/file/log.h">
			<Option target="Debug" />
			<Option target="Debug (Fenstermodus)" />
			<Option target="Release" />
			<Option target="Release (Linux)" />
			<Option target="Debug (Linux)" />
		</Unit>
		<Unit filename="other/globals.cpp">
			<Option target="Debug" />
			<Option target="Debug (Fenstermodus)" />
			<Option target="Release" />
			<Option target="Release (Linux)" />
			<Option target="Debug (Linux)" />
		</Unit>
		<Unit filename="other/globals.h">
			<Option target="Debug" />
			<Option target="Debug (Fenstermodus)" />
			<Option target="Release" />
			<Option target="Release (Linux)" />
			<Option target="Debug (Linux)" />
		</Unit>
		<Unit filename="other/hardware.cpp">
			<Option target="Debug" />
			<Option target="Debug (Fenstermodus)" />
			<Option target="Release" />
			<Option target="Release (Linux)" />
			<Option target="Debug (Linux)" />
		</Unit>
		<Unit filename="other/hardware.h">
			<Option target="Debug" />
			<Option target="Debug (Fenstermodus)" />
			<Option target="Release" />
			<Option target="Release (Linux)" />
			<Option target="Debug (Linux)" />
		</Unit>
		<Unit filename="other/help.cpp">
			<Option target="Debug" />
			<Option target="Debug (Fenstermodus)" />
			<Option target="Release" />
			<Option target="Release (Linux)" />
			<Option target="Debug (Linux)" />
		</Unit>
		<Unit filename="other/help.h">
			<Option target="Debug" />
			<Option target="Debug (Fenstermodus)" />
			<Option target="Release" />
			<Option target="Release (Linux)" />
			<Option target="Debug (Linux)" />
		</Unit>
		<Unit filename="other/language.cpp">
			<Option target="Debug" />
			<Option target="Debug (Fenstermodus)" />
			<Option target="Release" />
			<Option target="Release (Linux)" />
			<Option target="Debug (Linux)" />
		</Unit>
		<Unit filename="other/language.h">
			<Option target="Debug" />
			<Option target="Debug (Fenstermodus)" />
			<Option target="Release" />
			<Option target="Release (Linux)" />
			<Option target="Debug (Linux)" />
		</Unit>
		<Unit filename="other/lmain.cpp">
			<Option weight="60" />
			<Option target="Debug" />
			<Option target="Debug (Fenstermodus)" />
			<Option target="Release" />
			<Option target="Release (Linux)" />
			<Option target="Debug (Linux)" />
		</Unit>
		<Unit filename="other/lmain.h">
			<Option target="Debug" />
			<Option target="Debug (Fenstermodus)" />
			<Option target="Release" />
			<Option target="Release (Linux)" />
			<Option target="Debug (Linux)" />
		</Unit>
		<Unit filename="other/main.cpp">
			<Option weight="65" />
			<Option target="Debug" />
			<Option target="Debug (Fenstermodus)" />
			<Option target="Release" />
			<Option target="Release (Linux)" />
			<Option target="Debug (Linux)" />
		</Unit>
		<Unit filename="other/myalleg.h">
			<Option target="Debug" />
			<Option target="Debug (Fenstermodus)" />
			<Option target="Release" />
			<Option target="Release (Linux)" />
			<Option target="Debug (Linux)" />
		</Unit>
		<Unit filename="other/types.h">
			<Option target="Debug" />
			<Option target="Debug (Fenstermodus)" />
			<Option target="Release" />
			<Option target="Release (Linux)" />
			<Option target="Debug (Linux)" />
		</Unit>
		<Unit filename="other/user.cpp">
			<Option target="Debug" />
			<Option target="Debug (Fenstermodus)" />
			<Option target="Release" />
			<Option target="Release (Linux)" />
			<Option target="Debug (Linux)" />
		</Unit>
		<Unit filename="other/user.h">
			<Option target="Debug" />
			<Option target="Debug (Fenstermodus)" />
			<Option target="Release" />
			<Option target="Release (Linux)" />
			<Option target="Debug (Linux)" />
		</Unit>
		<Unit filename="other/verify.cpp">
			<Option target="Debug" />
			<Option target="Debug (Fenstermodus)" />
			<Option target="Release" />
			<Option target="Release (Linux)" />
			<Option target="Debug (Linux)" />
		</Unit>
		<Unit filename="other/verify.h">
			<Option target="Debug" />
			<Option target="Debug (Fenstermodus)" />
			<Option target="Release" />
			<Option target="Release (Linux)" />
			<Option target="Debug (Linux)" />
		</Unit>
		<Extensions>
			<code_completion />
			<envvars />
			<debugger />
		</Extensions>
	</Project>
</CodeBlocks_project_file>
